
Microsoft Visual Studio Solution File, Format Version 12.00
# Visual Studio Version 17
VisualStudioVersion = 17.0.32112.339
MinimumVisualStudioVersion = 10.0.40219.1
Project("{FAE04EC0-301F-11D3-BF4B-00C04F79EFBC}") = "SpeenPhone", "SpeenPhone.csproj", "{A77E9854-D005-4E87-8C31-0C519A606560}"
EndProject
Global
	GlobalSection(SolutionConfigurationPlatforms) = preSolution
		Debug|Any CPU = Debug|Any CPU
		Release|Any CPU = Release|Any CPU
	EndGlobalSection
	GlobalSection(ProjectConfigurationPlatforms) = postSolution
		{A77E9854-D005-4E87-8C31-0C519A606560}.Debug|Any CPU.ActiveCfg = Debug|Any CPU
		{A77E9854-D005-4E87-8C31-0C519A606560}.Debug|Any CPU.Build.0 = Debug|Any CPU
		{A77E9854-D005-4E87-8C31-0C519A606560}.Release|Any CPU.ActiveCfg = Release|Any CPU
		{A77E9854-D005-4E87-8C31-0C519A606560}.Release|Any CPU.Build.0 = Release|Any CPU
	EndGlobalSection
	GlobalSection(SolutionProperties) = preSolution
		HideSolutionNode = FALSE
	EndGlobalSection
	GlobalSection(ExtensibilityGlobals) = postSolution
		SolutionGuid = {BF6217E7-8F0B-4CB2-9AC5-B91CBE9DE2C5}
	EndGlobalSection
EndGlobal
